// !$*UTF8*$!
{
	archiveVersion = 1;
	classes = {
	};
	objectVersion = 46;
	objects = {

/* Begin PBXBuildFile section */
		0B3E9232297A04D900391DF7 /* Sources in Resources */ = {isa = PBXBuildFile; fileRef = 0B3E9231297A04D900391DF7 /* Sources */; };
		0B3E9233297A04DA00391DF7 /* Sources in Resources */ = {isa = PBXBuildFile; fileRef = 0B3E9231297A04D900391DF7 /* Sources */; };
		0B3E9234297A04DA00391DF7 /* Sources in Resources */ = {isa = PBXBuildFile; fileRef = 0B3E9231297A04D900391DF7 /* Sources */; };
		130387201EF41BAF00689188 /* FlightLayout.h in Headers */ = {isa = PBXBuildFile; fileRef = 3A2A63291EA733A4009949DF /* FlightLayout.h */; settings = {ATTRIBUTES = (Public, ); }; };
		3A2A63301EA733A4009949DF /* FlightLayout.framework in Frameworks */ = {isa = PBXBuildFile; fileRef = 3A2A63261EA733A4009949DF /* FlightLayout.framework */; };
		3A2A63351EA733A4009949DF /* FlightLayoutTests.swift in Sources */ = {isa = PBXBuildFile; fileRef = 3A2A63341EA733A4009949DF /* FlightLayoutTests.swift */; };
		3A2A63371EA733A4009949DF /* FlightLayout.h in Headers */ = {isa = PBXBuildFile; fileRef = 3A2A63291EA733A4009949DF /* FlightLayout.h */; settings = {ATTRIBUTES = (Public, ); }; };
/* End PBXBuildFile section */

/* Begin PBXContainerItemProxy section */
		3A2A63311EA733A4009949DF /* PBXContainerItemProxy */ = {
			isa = PBXContainerItemProxy;
			containerPortal = 3A2A631D1EA733A4009949DF /* Project object */;
			proxyType = 1;
			remoteGlobalIDString = 3A2A63251EA733A4009949DF;
			remoteInfo = FlightLayout;
		};
/* End PBXContainerItemProxy section */

/* Begin PBXFileReference section */
		0B3E9231297A04D900391DF7 /* Sources */ = {isa = PBXFileReference; lastKnownFileType = folder; name = Sources; path = ../../Sources; sourceTree = "<group>"; };
		130387181EF41BA300689188 /* FlightLayout.framework */ = {isa = PBXFileReference; explicitFileType = wrapper.framework; includeInIndex = 0; path = FlightLayout.framework; sourceTree = BUILT_PRODUCTS_DIR; };
		3A2A63261EA733A4009949DF /* FlightLayout.framework */ = {isa = PBXFileReference; explicitFileType = wrapper.framework; includeInIndex = 0; path = FlightLayout.framework; sourceTree = BUILT_PRODUCTS_DIR; };
		3A2A63291EA733A4009949DF /* FlightLayout.h */ = {isa = PBXFileReference; lastKnownFileType = sourcecode.c.h; path = FlightLayout.h; sourceTree = "<group>"; };
		3A2A632F1EA733A4009949DF /* FlightLayoutTests.xctest */ = {isa = PBXFileReference; explicitFileType = wrapper.cfbundle; includeInIndex = 0; path = FlightLayoutTests.xctest; sourceTree = BUILT_PRODUCTS_DIR; };
		3A2A63341EA733A4009949DF /* FlightLayoutTests.swift */ = {isa = PBXFileReference; lastKnownFileType = sourcecode.swift; path = FlightLayoutTests.swift; sourceTree = "<group>"; };
		3A2A63361EA733A4009949DF /* Info.plist */ = {isa = PBXFileReference; lastKnownFileType = text.plist.xml; path = Info.plist; sourceTree = "<group>"; };
/* End PBXFileReference section */

/* Begin PBXFrameworksBuildPhase section */
		130387141EF41BA300689188 /* Frameworks */ = {
			isa = PBXFrameworksBuildPhase;
			buildActionMask = 2147483647;
			files = (
			);
			runOnlyForDeploymentPostprocessing = 0;
		};
		3A2A63221EA733A4009949DF /* Frameworks */ = {
			isa = PBXFrameworksBuildPhase;
			buildActionMask = 2147483647;
			files = (
			);
			runOnlyForDeploymentPostprocessing = 0;
		};
		3A2A632C1EA733A4009949DF /* Frameworks */ = {
			isa = PBXFrameworksBuildPhase;
			buildActionMask = 2147483647;
			files = (
				3A2A63301EA733A4009949DF /* FlightLayout.framework in Frameworks */,
			);
			runOnlyForDeploymentPostprocessing = 0;
		};
/* End PBXFrameworksBuildPhase section */

/* Begin PBXGroup section */
		3A2A631C1EA733A4009949DF = {
			isa = PBXGroup;
			children = (
				3A2A63281EA733A4009949DF /* FlightLayout */,
				3A2A63331EA733A4009949DF /* FlightLayoutTests */,
				3A2A63271EA733A4009949DF /* Products */,
			);
			sourceTree = "<group>";
		};
		3A2A63271EA733A4009949DF /* Products */ = {
			isa = PBXGroup;
			children = (
				3A2A63261EA733A4009949DF /* FlightLayout.framework */,
				3A2A632F1EA733A4009949DF /* FlightLayoutTests.xctest */,
				130387181EF41BA300689188 /* FlightLayout.framework */,
			);
			name = Products;
			sourceTree = "<group>";
		};
		3A2A63281EA733A4009949DF /* FlightLayout */ = {
			isa = PBXGroup;
			children = (
				0B3E9231297A04D900391DF7 /* Sources */,
				3A2A63291EA733A4009949DF /* FlightLayout.h */,
			);
			path = FlightLayout;
			sourceTree = "<group>";
		};
		3A2A63331EA733A4009949DF /* FlightLayoutTests */ = {
			isa = PBXGroup;
			children = (
				3A2A63341EA733A4009949DF /* FlightLayoutTests.swift */,
				3A2A63361EA733A4009949DF /* Info.plist */,
			);
			path = FlightLayoutTests;
			sourceTree = "<group>";
		};
/* End PBXGroup section */

/* Begin PBXHeadersBuildPhase section */
		130387151EF41BA300689188 /* Headers */ = {
			isa = PBXHeadersBuildPhase;
			buildActionMask = 2147483647;
			files = (
				130387201EF41BAF00689188 /* FlightLayout.h in Headers */,
			);
			runOnlyForDeploymentPostprocessing = 0;
		};
		3A2A63231EA733A4009949DF /* Headers */ = {
			isa = PBXHeadersBuildPhase;
			buildActionMask = 2147483647;
			files = (
				3A2A63371EA733A4009949DF /* FlightLayout.h in Headers */,
			);
			runOnlyForDeploymentPostprocessing = 0;
		};
/* End PBXHeadersBuildPhase section */

/* Begin PBXNativeTarget section */
		130387171EF41BA300689188 /* FlightLayout-tvOS */ = {
			isa = PBXNativeTarget;
			buildConfigurationList = 1303871F1EF41BA300689188 /* Build configuration list for PBXNativeTarget "FlightLayout-tvOS" */;
			buildPhases = (
				130387131EF41BA300689188 /* Sources */,
				130387141EF41BA300689188 /* Frameworks */,
				130387151EF41BA300689188 /* Headers */,
				130387161EF41BA300689188 /* Resources */,
			);
			buildRules = (
			);
			dependencies = (
			);
			name = "FlightLayout-tvOS";
			productName = "FlightLayout-tvOS";
			productReference = 130387181EF41BA300689188 /* FlightLayout.framework */;
			productType = "com.apple.product-type.framework";
		};
		3A2A63251EA733A4009949DF /* FlightLayout */ = {
			isa = PBXNativeTarget;
			buildConfigurationList = 3A2A633A1EA733A4009949DF /* Build configuration list for PBXNativeTarget "FlightLayout" */;
			buildPhases = (
				3A2A63211EA733A4009949DF /* Sources */,
				3A2A63221EA733A4009949DF /* Frameworks */,
				3A2A63231EA733A4009949DF /* Headers */,
				3A2A63241EA733A4009949DF /* Resources */,
			);
			buildRules = (
			);
			dependencies = (
			);
			name = FlightLayout;
			productName = FlightLayout;
			productReference = 3A2A63261EA733A4009949DF /* FlightLayout.framework */;
			productType = "com.apple.product-type.framework";
		};
		3A2A632E1EA733A4009949DF /* FlightLayoutTests */ = {
			isa = PBXNativeTarget;
			buildConfigurationList = 3A2A633D1EA733A4009949DF /* Build configuration list for PBXNativeTarget "FlightLayoutTests" */;
			buildPhases = (
				3A2A632B1EA733A4009949DF /* Sources */,
				3A2A632C1EA733A4009949DF /* Frameworks */,
				3A2A632D1EA733A4009949DF /* Resources */,
			);
			buildRules = (
			);
			dependencies = (
				3A2A63321EA733A4009949DF /* PBXTargetDependency */,
			);
			name = FlightLayoutTests;
			productName = FlightLayoutTests;
			productReference = 3A2A632F1EA733A4009949DF /* FlightLayoutTests.xctest */;
			productType = "com.apple.product-type.bundle.unit-test";
		};
/* End PBXNativeTarget section */

/* Begin PBXProject section */
		3A2A631D1EA733A4009949DF /* Project object */ = {
			isa = PBXProject;
			attributes = {
				LastSwiftUpdateCheck = 0830;
				LastUpgradeCheck = 0830;
				ORGANIZATIONNAME = "Anton Doudarev";
				TargetAttributes = {
					130387171EF41BA300689188 = {
						CreatedOnToolsVersion = 8.3.2;
						ProvisioningStyle = Automatic;
					};
					3A2A63251EA733A4009949DF = {
						CreatedOnToolsVersion = 8.3;
						DevelopmentTeam = WQAUP4LZJV;
						ProvisioningStyle = Automatic;
					};
					3A2A632E1EA733A4009949DF = {
						CreatedOnToolsVersion = 8.3;
						DevelopmentTeam = WQAUP4LZJV;
						ProvisioningStyle = Automatic;
					};
				};
			};
			buildConfigurationList = 3A2A63201EA733A4009949DF /* Build configuration list for PBXProject "FlightLayout" */;
			compatibilityVersion = "Xcode 3.2";
			developmentRegion = English;
			hasScannedForEncodings = 0;
			knownRegions = (
				English,
				en,
			);
			mainGroup = 3A2A631C1EA733A4009949DF;
			productRefGroup = 3A2A63271EA733A4009949DF /* Products */;
			projectDirPath = "";
			projectRoot = "";
			targets = (
				3A2A63251EA733A4009949DF /* FlightLayout */,
				3A2A632E1EA733A4009949DF /* FlightLayoutTests */,
				130387171EF41BA300689188 /* FlightLayout-tvOS */,
			);
		};
/* End PBXProject section */

/* Begin PBXResourcesBuildPhase section */
		130387161EF41BA300689188 /* Resources */ = {
			isa = PBXResourcesBuildPhase;
			buildActionMask = 2147483647;
			files = (
				0B3E9234297A04DA00391DF7 /* Sources in Resources */,
			);
			runOnlyForDeploymentPostprocessing = 0;
		};
		3A2A63241EA733A4009949DF /* Resources */ = {
			isa = PBXResourcesBuildPhase;
			buildActionMask = 2147483647;
			files = (
				0B3E9232297A04D900391DF7 /* Sources in Resources */,
			);
			runOnlyForDeploymentPostprocessing = 0;
		};
		3A2A632D1EA733A4009949DF /* Resources */ = {
			isa = PBXResourcesBuildPhase;
			buildActionMask = 2147483647;
			files = (
				0B3E9233297A04DA00391DF7 /* Sources in Resources */,
			);
			runOnlyForDeploymentPostprocessing = 0;
		};
/* End PBXResourcesBuildPhase section */

/* Begin PBXSourcesBuildPhase section */
		130387131EF41BA300689188 /* Sources */ = {
			isa = PBXSourcesBuildPhase;
			buildActionMask = 2147483647;
			files = (
			);
			runOnlyForDeploymentPostprocessing = 0;
		};
		3A2A63211EA733A4009949DF /* Sources */ = {
			isa = PBXSourcesBuildPhase;
			buildActionMask = 2147483647;
			files = (
			);
			runOnlyForDeploymentPostprocessing = 0;
		};
		3A2A632B1EA733A4009949DF /* Sources */ = {
			isa = PBXSourcesBuildPhase;
			buildActionMask = 2147483647;
			files = (
				3A2A63351EA733A4009949DF /* FlightLayoutTests.swift in Sources */,
			);
			runOnlyForDeploymentPostprocessing = 0;
		};
/* End PBXSourcesBuildPhase section */

/* Begin PBXTargetDependency section */
		3A2A63321EA733A4009949DF /* PBXTargetDependency */ = {
			isa = PBXTargetDependency;
			target = 3A2A63251EA733A4009949DF /* FlightLayout */;
			targetProxy = 3A2A63311EA733A4009949DF /* PBXContainerItemProxy */;
		};
/* End PBXTargetDependency section */

/* Begin XCBuildConfiguration section */
		1303871D1EF41BA300689188 /* Debug */ = {
			isa = XCBuildConfiguration;
			buildSettings = {
				CODE_SIGN_IDENTITY = "";
				DEFINES_MODULE = YES;
				DYLIB_COMPATIBILITY_VERSION = 1;
				DYLIB_CURRENT_VERSION = 1;
				DYLIB_INSTALL_NAME_BASE = "@rpath";
				INFOPLIST_FILE = "Shared/Info-tvOS.plist";
				INSTALL_PATH = "$(LOCAL_LIBRARY_DIR)/Frameworks";
				LD_RUNPATH_SEARCH_PATHS = "$(inherited) @executable_path/Frameworks @loader_path/Frameworks";
				PRODUCT_BUNDLE_IDENTIFIER = "com.iagd.flightlayout.FlightLayout-tvOS.FlightLayout-tvOS";
				PRODUCT_NAME = FlightLayout;
				SDKROOT = appletvos;
				SKIP_INSTALL = YES;
				SWIFT_VERSION = 3.0;
				TARGETED_DEVICE_FAMILY = 3;
				TVOS_DEPLOYMENT_TARGET = 9.0;
			};
			name = Debug;
		};
		1303871E1EF41BA300689188 /* Release */ = {
			isa = XCBuildConfiguration;
			buildSettings = {
				CODE_SIGN_IDENTITY = "";
				DEFINES_MODULE = YES;
				DYLIB_COMPATIBILITY_VERSION = 1;
				DYLIB_CURRENT_VERSION = 1;
				DYLIB_INSTALL_NAME_BASE = "@rpath";
				INFOPLIST_FILE = "Shared/Info-tvOS.plist";
				INSTALL_PATH = "$(LOCAL_LIBRARY_DIR)/Frameworks";
				LD_RUNPATH_SEARCH_PATHS = "$(inherited) @executable_path/Frameworks @loader_path/Frameworks";
				PRODUCT_BUNDLE_IDENTIFIER = "com.iagd.flightlayout.FlightLayout-tvOS.FlightLayout-tvOS";
				PRODUCT_NAME = FlightLayout;
				SDKROOT = appletvos;
				SKIP_INSTALL = YES;
				SWIFT_VERSION = 3.0;
				TARGETED_DEVICE_FAMILY = 3;
				TVOS_DEPLOYMENT_TARGET = 9.0;
			};
			name = Release;
		};
		3A2A63381EA733A4009949DF /* Debug */ = {
			isa = XCBuildConfiguration;
			buildSettings = {
				ALWAYS_SEARCH_USER_PATHS = NO;
				CLANG_ANALYZER_NONNULL = YES;
				CLANG_ANALYZER_NUMBER_OBJECT_CONVERSION = YES_AGGRESSIVE;
				CLANG_CXX_LANGUAGE_STANDARD = "gnu++0x";
				CLANG_CXX_LIBRARY = "libc++";
				CLANG_ENABLE_CODE_COVERAGE = NO;
				CLANG_ENABLE_MODULES = YES;
				CLANG_ENABLE_OBJC_ARC = YES;
				CLANG_WARN_BOOL_CONVERSION = YES;
				CLANG_WARN_CONSTANT_CONVERSION = YES;
				CLANG_WARN_DIRECT_OBJC_ISA_USAGE = YES_ERROR;
				CLANG_WARN_DOCUMENTATION_COMMENTS = YES;
				CLANG_WARN_EMPTY_BODY = YES;
				CLANG_WARN_ENUM_CONVERSION = YES;
				CLANG_WARN_INFINITE_RECURSION = YES;
				CLANG_WARN_INT_CONVERSION = YES;
				CLANG_WARN_OBJC_ROOT_CLASS = YES_ERROR;
				CLANG_WARN_SUSPICIOUS_MOVE = YES;
				CLANG_WARN_UNREACHABLE_CODE = YES;
				CLANG_WARN__DUPLICATE_METHOD_MATCH = YES;
				"CODE_SIGN_IDENTITY[sdk=iphoneos*]" = "iPhone Developer";
				COPY_PHASE_STRIP = NO;
				CURRENT_PROJECT_VERSION = 1;
				DEBUG_INFORMATION_FORMAT = dwarf;
				ENABLE_STRICT_OBJC_MSGSEND = YES;
				ENABLE_TESTABILITY = YES;
				GCC_C_LANGUAGE_STANDARD = gnu99;
				GCC_DYNAMIC_NO_PIC = NO;
				GCC_NO_COMMON_BLOCKS = YES;
				GCC_OPTIMIZATION_LEVEL = 0;
				GCC_PREPROCESSOR_DEFINITIONS = (
					"DEBUG=1",
					"$(inherited)",
				);
				GCC_WARN_64_TO_32_BIT_CONVERSION = YES;
				GCC_WARN_ABOUT_RETURN_TYPE = YES_ERROR;
				GCC_WARN_UNDECLARED_SELECTOR = YES;
				GCC_WARN_UNINITIALIZED_AUTOS = YES_AGGRESSIVE;
				GCC_WARN_UNUSED_FUNCTION = YES;
				GCC_WARN_UNUSED_VARIABLE = YES;
				IPHONEOS_DEPLOYMENT_TARGET = 10.3;
				MTL_ENABLE_DEBUG_INFO = YES;
				ONLY_ACTIVE_ARCH = YES;
				SDKROOT = iphoneos;
				SWIFT_ACTIVE_COMPILATION_CONDITIONS = DEBUG;
				SWIFT_OPTIMIZATION_LEVEL = "-Onone";
				TARGETED_DEVICE_FAMILY = "1,2";
				VERSIONING_SYSTEM = "apple-generic";
				VERSION_INFO_PREFIX = "";
			};
			name = Debug;
		};
		3A2A63391EA733A4009949DF /* Release */ = {
			isa = XCBuildConfiguration;
			buildSettings = {
				ALWAYS_SEARCH_USER_PATHS = NO;
				CLANG_ANALYZER_NONNULL = YES;
				CLANG_ANALYZER_NUMBER_OBJECT_CONVERSION = YES_AGGRESSIVE;
				CLANG_CXX_LANGUAGE_STANDARD = "gnu++0x";
				CLANG_CXX_LIBRARY = "libc++";
				CLANG_ENABLE_CODE_COVERAGE = NO;
				CLANG_ENABLE_MODULES = YES;
				CLANG_ENABLE_OBJC_ARC = YES;
				CLANG_WARN_BOOL_CONVERSION = YES;
				CLANG_WARN_CONSTANT_CONVERSION = YES;
				CLANG_WARN_DIRECT_OBJC_ISA_USAGE = YES_ERROR;
				CLANG_WARN_DOCUMENTATION_COMMENTS = YES;
				CLANG_WARN_EMPTY_BODY = YES;
				CLANG_WARN_ENUM_CONVERSION = YES;
				CLANG_WARN_INFINITE_RECURSION = YES;
				CLANG_WARN_INT_CONVERSION = YES;
				CLANG_WARN_OBJC_ROOT_CLASS = YES_ERROR;
				CLANG_WARN_SUSPICIOUS_MOVE = YES;
				CLANG_WARN_UNREACHABLE_CODE = YES;
				CLANG_WARN__DUPLICATE_METHOD_MATCH = YES;
				"CODE_SIGN_IDENTITY[sdk=iphoneos*]" = "iPhone Developer";
				COPY_PHASE_STRIP = NO;
				CURRENT_PROJECT_VERSION = 1;
				DEBUG_INFORMATION_FORMAT = "dwarf-with-dsym";
				ENABLE_NS_ASSERTIONS = NO;
				ENABLE_STRICT_OBJC_MSGSEND = YES;
				GCC_C_LANGUAGE_STANDARD = gnu99;
				GCC_NO_COMMON_BLOCKS = YES;
				GCC_WARN_64_TO_32_BIT_CONVERSION = YES;
				GCC_WARN_ABOUT_RETURN_TYPE = YES_ERROR;
				GCC_WARN_UNDECLARED_SELECTOR = YES;
				GCC_WARN_UNINITIALIZED_AUTOS = YES_AGGRESSIVE;
				GCC_WARN_UNUSED_FUNCTION = YES;
				GCC_WARN_UNUSED_VARIABLE = YES;
				IPHONEOS_DEPLOYMENT_TARGET = 10.3;
				MTL_ENABLE_DEBUG_INFO = NO;
				SDKROOT = iphoneos;
				SWIFT_OPTIMIZATION_LEVEL = "-Owholemodule";
				TARGETED_DEVICE_FAMILY = "1,2";
				VALIDATE_PRODUCT = YES;
				VERSIONING_SYSTEM = "apple-generic";
				VERSION_INFO_PREFIX = "";
			};
			name = Release;
		};
		3A2A633B1EA733A4009949DF /* Debug */ = {
			isa = XCBuildConfiguration;
			buildSettings = {
				CODE_SIGN_IDENTITY = "";
				DEFINES_MODULE = YES;
				DEVELOPMENT_TEAM = WQAUP4LZJV;
				DYLIB_COMPATIBILITY_VERSION = 1;
				DYLIB_CURRENT_VERSION = 1;
				DYLIB_INSTALL_NAME_BASE = "@rpath";
				INFOPLIST_FILE = "Shared/Info-iOS.plist";
				INSTALL_PATH = "$(LOCAL_LIBRARY_DIR)/Frameworks";
				IPHONEOS_DEPLOYMENT_TARGET = 9.0;
				LD_RUNPATH_SEARCH_PATHS = "$(inherited) @executable_path/Frameworks @loader_path/Frameworks";
				PRODUCT_BUNDLE_IDENTIFIER = com.iagd.flightlayout.FlightLayout;
				PRODUCT_NAME = "$(TARGET_NAME)";
				SKIP_INSTALL = YES;
				SWIFT_VERSION = 3.0;
			};
			name = Debug;
		};
		3A2A633C1EA733A4009949DF /* Release */ = {
			isa = XCBuildConfiguration;
			buildSettings = {
				CODE_SIGN_IDENTITY = "";
				DEFINES_MODULE = YES;
				DEVELOPMENT_TEAM = WQAUP4LZJV;
				DYLIB_COMPATIBILITY_VERSION = 1;
				DYLIB_CURRENT_VERSION = 1;
				DYLIB_INSTALL_NAME_BASE = "@rpath";
				INFOPLIST_FILE = "Shared/Info-iOS.plist";
				INSTALL_PATH = "$(LOCAL_LIBRARY_DIR)/Frameworks";
				IPHONEOS_DEPLOYMENT_TARGET = 9.0;
				LD_RUNPATH_SEARCH_PATHS = "$(inherited) @executable_path/Frameworks @loader_path/Frameworks";
				PRODUCT_BUNDLE_IDENTIFIER = com.iagd.flightlayout.FlightLayout;
				PRODUCT_NAME = "$(TARGET_NAME)";
				SKIP_INSTALL = YES;
				SWIFT_VERSION = 3.0;
			};
			name = Release;
		};
		3A2A633E1EA733A4009949DF /* Debug */ = {
			isa = XCBuildConfiguration;
			buildSettings = {
				DEVELOPMENT_TEAM = WQAUP4LZJV;
				INFOPLIST_FILE = FlightLayoutTests/Info.plist;
				LD_RUNPATH_SEARCH_PATHS = "$(inherited) @executable_path/Frameworks @loader_path/Frameworks";
				PRODUCT_BUNDLE_IDENTIFIER = com.iagd.flightlayout.FlightLayoutTests;
				PRODUCT_NAME = "$(TARGET_NAME)";
				SWIFT_VERSION = 3.0;
			};
			name = Debug;
		};
		3A2A633F1EA733A4009949DF /* Release */ = {
			isa = XCBuildConfiguration;
			buildSettings = {
				DEVELOPMENT_TEAM = WQAUP4LZJV;
				INFOPLIST_FILE = FlightLayoutTests/Info.plist;
				LD_RUNPATH_SEARCH_PATHS = "$(inherited) @executable_path/Frameworks @loader_path/Frameworks";
				PRODUCT_BUNDLE_IDENTIFIER = com.iagd.flightlayout.FlightLayoutTests;
				PRODUCT_NAME = "$(TARGET_NAME)";
				SWIFT_VERSION = 3.0;
			};
			name = Release;
		};
/* End XCBuildConfiguration section */

/* Begin XCConfigurationList section */
		1303871F1EF41BA300689188 /* Build configuration list for PBXNativeTarget "FlightLayout-tvOS" */ = {
			isa = XCConfigurationList;
			buildConfigurations = (
				1303871D1EF41BA300689188 /* Debug */,
				1303871E1EF41BA300689188 /* Release */,
			);
			defaultConfigurationIsVisible = 0;
			defaultConfigurationName = Release;
		};
		3A2A63201EA733A4009949DF /* Build configuration list for PBXProject "FlightLayout" */ = {
			isa = XCConfigurationList;
			buildConfigurations = (
				3A2A63381EA733A4009949DF /* Debug */,
				3A2A63391EA733A4009949DF /* Release */,
			);
			defaultConfigurationIsVisible = 0;
			defaultConfigurationName = Release;
		};
		3A2A633A1EA733A4009949DF /* Build configuration list for PBXNativeTarget "FlightLayout" */ = {
			isa = XCConfigurationList;
			buildConfigurations = (
				3A2A633B1EA733A4009949DF /* Debug */,
				3A2A633C1EA733A4009949DF /* Release */,
			);
			defaultConfigurationIsVisible = 0;
			defaultConfigurationName = Release;
		};
		3A2A633D1EA733A4009949DF /* Build configuration list for PBXNativeTarget "FlightLayoutTests" */ = {
			isa = XCConfigurationList;
			buildConfigurations = (
				3A2A633E1EA733A4009949DF /* Debug */,
				3A2A633F1EA733A4009949DF /* Release */,
			);
			defaultConfigurationIsVisible = 0;
			defaultConfigurationName = Release;
		};
/* End XCConfigurationList section */
	};
	rootObject = 3A2A631D1EA733A4009949DF /* Project object */;
}
