// !$*UTF8*$!
{
	archiveVersion = 1;
	classes = {
	};
	objectVersion = 46;
	objects = {

/* Begin PBXBuildFile section */
		3A2A634D1EA733BF009949DF /* AppDelegate.swift in Sources */ = {isa = PBXBuildFile; fileRef = 3A2A634C1EA733BF009949DF /* AppDelegate.swift */; };
		3A2A634F1EA733BF009949DF /* ViewController.swift in Sources */ = {isa = PBXBuildFile; fileRef = 3A2A634E1EA733BF009949DF /* ViewController.swift */; };
		3A2A63541EA733BF009949DF /* Assets.xcassets in Resources */ = {isa = PBXBuildFile; fileRef = 3A2A63531EA733BF009949DF /* Assets.xcassets */; };
		3A2A63571EA733BF009949DF /* LaunchScreen.storyboard in Resources */ = {isa = PBXBuildFile; fileRef = 3A2A63551EA733BF009949DF /* LaunchScreen.storyboard */; };
		3A2A63621EA733BF009949DF /* FlightLayout_DemoTests.swift in Sources */ = {isa = PBXBuildFile; fileRef = 3A2A63611EA733BF009949DF /* FlightLayout_DemoTests.swift */; };
		3A2A63721EA73463009949DF /* FlightLayout.swift in Sources */ = {isa = PBXBuildFile; fileRef = 3A2A63711EA73463009949DF /* FlightLayout.swift */; };
/* End PBXBuildFile section */

/* Begin PBXContainerItemProxy section */
		3A2A635E1EA733BF009949DF /* PBXContainerItemProxy */ = {
			isa = PBXContainerItemProxy;
			containerPortal = 3A2A63411EA733BF009949DF /* Project object */;
			proxyType = 1;
			remoteGlobalIDString = 3A2A63481EA733BF009949DF;
			remoteInfo = "FlightLayout-Demo";
		};
/* End PBXContainerItemProxy section */

/* Begin PBXFileReference section */
		3A2A63491EA733BF009949DF /* FlightLayout-Demo.app */ = {isa = PBXFileReference; explicitFileType = wrapper.application; includeInIndex = 0; path = "FlightLayout-Demo.app"; sourceTree = BUILT_PRODUCTS_DIR; };
		3A2A634C1EA733BF009949DF /* AppDelegate.swift */ = {isa = PBXFileReference; lastKnownFileType = sourcecode.swift; path = AppDelegate.swift; sourceTree = "<group>"; };
		3A2A634E1EA733BF009949DF /* ViewController.swift */ = {isa = PBXFileReference; lastKnownFileType = sourcecode.swift; path = ViewController.swift; sourceTree = "<group>"; };
		3A2A63531EA733BF009949DF /* Assets.xcassets */ = {isa = PBXFileReference; lastKnownFileType = folder.assetcatalog; path = Assets.xcassets; sourceTree = "<group>"; };
		3A2A63561EA733BF009949DF /* Base */ = {isa = PBXFileReference; lastKnownFileType = file.storyboard; name = Base; path = Base.lproj/LaunchScreen.storyboard; sourceTree = "<group>"; };
		3A2A63581EA733BF009949DF /* Info.plist */ = {isa = PBXFileReference; lastKnownFileType = text.plist.xml; path = Info.plist; sourceTree = "<group>"; };
		3A2A635D1EA733BF009949DF /* FlightLayout-DemoTests.xctest */ = {isa = PBXFileReference; explicitFileType = wrapper.cfbundle; includeInIndex = 0; path = "FlightLayout-DemoTests.xctest"; sourceTree = BUILT_PRODUCTS_DIR; };
		3A2A63611EA733BF009949DF /* FlightLayout_DemoTests.swift */ = {isa = PBXFileReference; lastKnownFileType = sourcecode.swift; path = FlightLayout_DemoTests.swift; sourceTree = "<group>"; };
		3A2A63631EA733BF009949DF /* Info.plist */ = {isa = PBXFileReference; lastKnownFileType = text.plist.xml; path = Info.plist; sourceTree = "<group>"; };
		3A2A63711EA73463009949DF /* FlightLayout.swift */ = {isa = PBXFileReference; fileEncoding = 4; lastKnownFileType = sourcecode.swift; path = FlightLayout.swift; sourceTree = "<group>"; };
/* End PBXFileReference section */

/* Begin PBXFrameworksBuildPhase section */
		3A2A63461EA733BF009949DF /* Frameworks */ = {
			isa = PBXFrameworksBuildPhase;
			buildActionMask = 2147483647;
			files = (
			);
			runOnlyForDeploymentPostprocessing = 0;
		};
		3A2A635A1EA733BF009949DF /* Frameworks */ = {
			isa = PBXFrameworksBuildPhase;
			buildActionMask = 2147483647;
			files = (
			);
			runOnlyForDeploymentPostprocessing = 0;
		};
/* End PBXFrameworksBuildPhase section */

/* Begin PBXGroup section */
		3A2A63401EA733BF009949DF = {
			isa = PBXGroup;
			children = (
				3A2A634B1EA733BF009949DF /* FlightLayout-Demo */,
				3A2A63601EA733BF009949DF /* FlightLayout-DemoTests */,
				3A2A634A1EA733BF009949DF /* Products */,
			);
			sourceTree = "<group>";
		};
		3A2A634A1EA733BF009949DF /* Products */ = {
			isa = PBXGroup;
			children = (
				3A2A63491EA733BF009949DF /* FlightLayout-Demo.app */,
				3A2A635D1EA733BF009949DF /* FlightLayout-DemoTests.xctest */,
			);
			name = Products;
			sourceTree = "<group>";
		};
		3A2A634B1EA733BF009949DF /* FlightLayout-Demo */ = {
			isa = PBXGroup;
			children = (
				3A2A63701EA73463009949DF /* Source */,
				3A2A634C1EA733BF009949DF /* AppDelegate.swift */,
				3A2A634E1EA733BF009949DF /* ViewController.swift */,
				3A2A63531EA733BF009949DF /* Assets.xcassets */,
				3A2A63551EA733BF009949DF /* LaunchScreen.storyboard */,
				3A2A63581EA733BF009949DF /* Info.plist */,
			);
			path = "FlightLayout-Demo";
			sourceTree = "<group>";
		};
		3A2A63601EA733BF009949DF /* FlightLayout-DemoTests */ = {
			isa = PBXGroup;
			children = (
				3A2A63611EA733BF009949DF /* FlightLayout_DemoTests.swift */,
				3A2A63631EA733BF009949DF /* Info.plist */,
			);
			path = "FlightLayout-DemoTests";
			sourceTree = "<group>";
		};
		3A2A63701EA73463009949DF /* Source */ = {
			isa = PBXGroup;
			children = (
				3A2A63711EA73463009949DF /* FlightLayout.swift */,
			);
			name = Source;
			path = ../../Source;
			sourceTree = "<group>";
		};
/* End PBXGroup section */

/* Begin PBXNativeTarget section */
		3A2A63481EA733BF009949DF /* FlightLayout-Demo */ = {
			isa = PBXNativeTarget;
			buildConfigurationList = 3A2A63661EA733BF009949DF /* Build configuration list for PBXNativeTarget "FlightLayout-Demo" */;
			buildPhases = (
				3A2A63451EA733BF009949DF /* Sources */,
				3A2A63461EA733BF009949DF /* Frameworks */,
				3A2A63471EA733BF009949DF /* Resources */,
			);
			buildRules = (
			);
			dependencies = (
			);
			name = "FlightLayout-Demo";
			productName = "FlightLayout-Demo";
			productReference = 3A2A63491EA733BF009949DF /* FlightLayout-Demo.app */;
			productType = "com.apple.product-type.application";
		};
		3A2A635C1EA733BF009949DF /* FlightLayout-DemoTests */ = {
			isa = PBXNativeTarget;
			buildConfigurationList = 3A2A63691EA733BF009949DF /* Build configuration list for PBXNativeTarget "FlightLayout-DemoTests" */;
			buildPhases = (
				3A2A63591EA733BF009949DF /* Sources */,
				3A2A635A1EA733BF009949DF /* Frameworks */,
				3A2A635B1EA733BF009949DF /* Resources */,
			);
			buildRules = (
			);
			dependencies = (
				3A2A635F1EA733BF009949DF /* PBXTargetDependency */,
			);
			name = "FlightLayout-DemoTests";
			productName = "FlightLayout-DemoTests";
			productReference = 3A2A635D1EA733BF009949DF /* FlightLayout-DemoTests.xctest */;
			productType = "com.apple.product-type.bundle.unit-test";
		};
/* End PBXNativeTarget section */

/* Begin PBXProject section */
		3A2A63411EA733BF009949DF /* Project object */ = {
			isa = PBXProject;
			attributes = {
				LastSwiftUpdateCheck = 0830;
				LastUpgradeCheck = 1020;
				ORGANIZATIONNAME = "Anton Doudarev";
				TargetAttributes = {
					3A2A63481EA733BF009949DF = {
						CreatedOnToolsVersion = 8.3;
						DevelopmentTeam = WQAUP4LZJV;
						ProvisioningStyle = Automatic;
					};
					3A2A635C1EA733BF009949DF = {
						CreatedOnToolsVersion = 8.3;
						DevelopmentTeam = WQAUP4LZJV;
						ProvisioningStyle = Automatic;
						TestTargetID = 3A2A63481EA733BF009949DF;
					};
				};
			};
			buildConfigurationList = 3A2A63441EA733BF009949DF /* Build configuration list for PBXProject "FlightLayout-Demo" */;
			compatibilityVersion = "Xcode 3.2";
			developmentRegion = en;
			hasScannedForEncodings = 0;
			knownRegions = (
				en,
				Base,
			);
			mainGroup = 3A2A63401EA733BF009949DF;
			productRefGroup = 3A2A634A1EA733BF009949DF /* Products */;
			projectDirPath = "";
			projectRoot = "";
			targets = (
				3A2A63481EA733BF009949DF /* FlightLayout-Demo */,
				3A2A635C1EA733BF009949DF /* FlightLayout-DemoTests */,
			);
		};
/* End PBXProject section */

/* Begin PBXResourcesBuildPhase section */
		3A2A63471EA733BF009949DF /* Resources */ = {
			isa = PBXResourcesBuildPhase;
			buildActionMask = 2147483647;
			files = (
				3A2A63571EA733BF009949DF /* LaunchScreen.storyboard in Resources */,
				3A2A63541EA733BF009949DF /* Assets.xcassets in Resources */,
			);
			runOnlyForDeploymentPostprocessing = 0;
		};
		3A2A635B1EA733BF009949DF /* Resources */ = {
			isa = PBXResourcesBuildPhase;
			buildActionMask = 2147483647;
			files = (
			);
			runOnlyForDeploymentPostprocessing = 0;
		};
/* End PBXResourcesBuildPhase section */

/* Begin PBXSourcesBuildPhase section */
		3A2A63451EA733BF009949DF /* Sources */ = {
			isa = PBXSourcesBuildPhase;
			buildActionMask = 2147483647;
			files = (
				3A2A63721EA73463009949DF /* FlightLayout.swift in Sources */,
				3A2A634F1EA733BF009949DF /* ViewController.swift in Sources */,
				3A2A634D1EA733BF009949DF /* AppDelegate.swift in Sources */,
			);
			runOnlyForDeploymentPostprocessing = 0;
		};
		3A2A63591EA733BF009949DF /* Sources */ = {
			isa = PBXSourcesBuildPhase;
			buildActionMask = 2147483647;
			files = (
				3A2A63621EA733BF009949DF /* FlightLayout_DemoTests.swift in Sources */,
			);
			runOnlyForDeploymentPostprocessing = 0;
		};
/* End PBXSourcesBuildPhase section */

/* Begin PBXTargetDependency section */
		3A2A635F1EA733BF009949DF /* PBXTargetDependency */ = {
			isa = PBXTargetDependency;
			target = 3A2A63481EA733BF009949DF /* FlightLayout-Demo */;
			targetProxy = 3A2A635E1EA733BF009949DF /* PBXContainerItemProxy */;
		};
/* End PBXTargetDependency section */

/* Begin PBXVariantGroup section */
		3A2A63551EA733BF009949DF /* LaunchScreen.storyboard */ = {
			isa = PBXVariantGroup;
			children = (
				3A2A63561EA733BF009949DF /* Base */,
			);
			name = LaunchScreen.storyboard;
			sourceTree = "<group>";
		};
/* End PBXVariantGroup section */

/* Begin XCBuildConfiguration section */
		3A2A63641EA733BF009949DF /* Debug */ = {
			isa = XCBuildConfiguration;
			buildSettings = {
				ALWAYS_SEARCH_USER_PATHS = NO;
				CLANG_ANALYZER_LOCALIZABILITY_NONLOCALIZED = YES;
				CLANG_ANALYZER_NONNULL = YES;
				CLANG_ANALYZER_NUMBER_OBJECT_CONVERSION = YES_AGGRESSIVE;
				CLANG_CXX_LANGUAGE_STANDARD = "gnu++0x";
				CLANG_CXX_LIBRARY = "libc++";
				CLANG_ENABLE_MODULES = YES;
				CLANG_ENABLE_OBJC_ARC = YES;
				CLANG_WARN_BLOCK_CAPTURE_AUTORELEASING = YES;
				CLANG_WARN_BOOL_CONVERSION = YES;
				CLANG_WARN_COMMA = YES;
				CLANG_WARN_CONSTANT_CONVERSION = YES;
				CLANG_WARN_DEPRECATED_OBJC_IMPLEMENTATIONS = YES;
				CLANG_WARN_DIRECT_OBJC_ISA_USAGE = YES_ERROR;
				CLANG_WARN_DOCUMENTATION_COMMENTS = YES;
				CLANG_WARN_EMPTY_BODY = YES;
				CLANG_WARN_ENUM_CONVERSION = YES;
				CLANG_WARN_INFINITE_RECURSION = YES;
				CLANG_WARN_INT_CONVERSION = YES;
				CLANG_WARN_NON_LITERAL_NULL_CONVERSION = YES;
				CLANG_WARN_OBJC_IMPLICIT_RETAIN_SELF = YES;
				CLANG_WARN_OBJC_LITERAL_CONVERSION = YES;
				CLANG_WARN_OBJC_ROOT_CLASS = YES_ERROR;
				CLANG_WARN_RANGE_LOOP_ANALYSIS = YES;
				CLANG_WARN_STRICT_PROTOTYPES = YES;
				CLANG_WARN_SUSPICIOUS_MOVE = YES;
				CLANG_WARN_UNREACHABLE_CODE = YES;
				CLANG_WARN__DUPLICATE_METHOD_MATCH = YES;
				"CODE_SIGN_IDENTITY[sdk=iphoneos*]" = "iPhone Developer";
				COPY_PHASE_STRIP = NO;
				DEBUG_INFORMATION_FORMAT = dwarf;
				ENABLE_STRICT_OBJC_MSGSEND = YES;
				ENABLE_TESTABILITY = YES;
				GCC_C_LANGUAGE_STANDARD = gnu99;
				GCC_DYNAMIC_NO_PIC = NO;
				GCC_NO_COMMON_BLOCKS = YES;
				GCC_OPTIMIZATION_LEVEL = 0;
				GCC_PREPROCESSOR_DEFINITIONS = (
					"DEBUG=1",
					"$(inherited)",
				);
				GCC_WARN_64_TO_32_BIT_CONVERSION = YES;
				GCC_WARN_ABOUT_RETURN_TYPE = YES_ERROR;
				GCC_WARN_UNDECLARED_SELECTOR = YES;
				GCC_WARN_UNINITIALIZED_AUTOS = YES_AGGRESSIVE;
				GCC_WARN_UNUSED_FUNCTION = YES;
				GCC_WARN_UNUSED_VARIABLE = YES;
				IPHONEOS_DEPLOYMENT_TARGET = 10.3;
				MTL_ENABLE_DEBUG_INFO = YES;
				ONLY_ACTIVE_ARCH = YES;
				SDKROOT = iphoneos;
				SWIFT_ACTIVE_COMPILATION_CONDITIONS = DEBUG;
				SWIFT_OPTIMIZATION_LEVEL = "-Onone";
				SWIFT_VERSION = 5.0;
			};
			name = Debug;
		};
		3A2A63651EA733BF009949DF /* Release */ = {
			isa = XCBuildConfiguration;
			buildSettings = {
				ALWAYS_SEARCH_USER_PATHS = NO;
				CLANG_ANALYZER_LOCALIZABILITY_NONLOCALIZED = YES;
				CLANG_ANALYZER_NONNULL = YES;
				CLANG_ANALYZER_NUMBER_OBJECT_CONVERSION = YES_AGGRESSIVE;
				CLANG_CXX_LANGUAGE_STANDARD = "gnu++0x";
				CLANG_CXX_LIBRARY = "libc++";
				CLANG_ENABLE_MODULES = YES;
				CLANG_ENABLE_OBJC_ARC = YES;
				CLANG_WARN_BLOCK_CAPTURE_AUTORELEASING = YES;
				CLANG_WARN_BOOL_CONVERSION = YES;
				CLANG_WARN_COMMA = YES;
				CLANG_WARN_CONSTANT_CONVERSION = YES;
				CLANG_WARN_DEPRECATED_OBJC_IMPLEMENTATIONS = YES;
				CLANG_WARN_DIRECT_OBJC_ISA_USAGE = YES_ERROR;
				CLANG_WARN_DOCUMENTATION_COMMENTS = YES;
				CLANG_WARN_EMPTY_BODY = YES;
				CLANG_WARN_ENUM_CONVERSION = YES;
				CLANG_WARN_INFINITE_RECURSION = YES;
				CLANG_WARN_INT_CONVERSION = YES;
				CLANG_WARN_NON_LITERAL_NULL_CONVERSION = YES;
				CLANG_WARN_OBJC_IMPLICIT_RETAIN_SELF = YES;
				CLANG_WARN_OBJC_LITERAL_CONVERSION = YES;
				CLANG_WARN_OBJC_ROOT_CLASS = YES_ERROR;
				CLANG_WARN_RANGE_LOOP_ANALYSIS = YES;
				CLANG_WARN_STRICT_PROTOTYPES = YES;
				CLANG_WARN_SUSPICIOUS_MOVE = YES;
				CLANG_WARN_UNREACHABLE_CODE = YES;
				CLANG_WARN__DUPLICATE_METHOD_MATCH = YES;
				"CODE_SIGN_IDENTITY[sdk=iphoneos*]" = "iPhone Developer";
				COPY_PHASE_STRIP = NO;
				DEBUG_INFORMATION_FORMAT = "dwarf-with-dsym";
				ENABLE_NS_ASSERTIONS = NO;
				ENABLE_STRICT_OBJC_MSGSEND = YES;
				GCC_C_LANGUAGE_STANDARD = gnu99;
				GCC_NO_COMMON_BLOCKS = YES;
				GCC_WARN_64_TO_32_BIT_CONVERSION = YES;
				GCC_WARN_ABOUT_RETURN_TYPE = YES_ERROR;
				GCC_WARN_UNDECLARED_SELECTOR = YES;
				GCC_WARN_UNINITIALIZED_AUTOS = YES_AGGRESSIVE;
				GCC_WARN_UNUSED_FUNCTION = YES;
				GCC_WARN_UNUSED_VARIABLE = YES;
				IPHONEOS_DEPLOYMENT_TARGET = 10.3;
				MTL_ENABLE_DEBUG_INFO = NO;
				SDKROOT = iphoneos;
				SWIFT_OPTIMIZATION_LEVEL = "-Owholemodule";
				SWIFT_VERSION = 5.0;
				VALIDATE_PRODUCT = YES;
			};
			name = Release;
		};
		3A2A63671EA733BF009949DF /* Debug */ = {
			isa = XCBuildConfiguration;
			buildSettings = {
				ASSETCATALOG_COMPILER_APPICON_NAME = AppIcon;
				DEVELOPMENT_TEAM = WQAUP4LZJV;
				INFOPLIST_FILE = "FlightLayout-Demo/Info.plist";
				LD_RUNPATH_SEARCH_PATHS = "$(inherited) @executable_path/Frameworks";
				PRODUCT_BUNDLE_IDENTIFIER = "com.iagd.flightlayout.FlightLayout-Demo";
				PRODUCT_NAME = "$(TARGET_NAME)";
				SWIFT_VERSION = 5.0;
			};
			name = Debug;
		};
		3A2A63681EA733BF009949DF /* Release */ = {
			isa = XCBuildConfiguration;
			buildSettings = {
				ASSETCATALOG_COMPILER_APPICON_NAME = AppIcon;
				DEVELOPMENT_TEAM = WQAUP4LZJV;
				INFOPLIST_FILE = "FlightLayout-Demo/Info.plist";
				LD_RUNPATH_SEARCH_PATHS = "$(inherited) @executable_path/Frameworks";
				PRODUCT_BUNDLE_IDENTIFIER = "com.iagd.flightlayout.FlightLayout-Demo";
				PRODUCT_NAME = "$(TARGET_NAME)";
				SWIFT_VERSION = 5.0;
			};
			name = Release;
		};
		3A2A636A1EA733BF009949DF /* Debug */ = {
			isa = XCBuildConfiguration;
			buildSettings = {
				ALWAYS_EMBED_SWIFT_STANDARD_LIBRARIES = YES;
				BUNDLE_LOADER = "$(TEST_HOST)";
				DEVELOPMENT_TEAM = WQAUP4LZJV;
				INFOPLIST_FILE = "FlightLayout-DemoTests/Info.plist";
				LD_RUNPATH_SEARCH_PATHS = "$(inherited) @executable_path/Frameworks @loader_path/Frameworks";
				PRODUCT_BUNDLE_IDENTIFIER = "com.iagd.flightlayout.FlightLayout-DemoTests";
				PRODUCT_NAME = "$(TARGET_NAME)";
				SWIFT_VERSION = 3.0;
				TEST_HOST = "$(BUILT_PRODUCTS_DIR)/FlightLayout-Demo.app/FlightLayout-Demo";
			};
			name = Debug;
		};
		3A2A636B1EA733BF009949DF /* Release */ = {
			isa = XCBuildConfiguration;
			buildSettings = {
				ALWAYS_EMBED_SWIFT_STANDARD_LIBRARIES = YES;
				BUNDLE_LOADER = "$(TEST_HOST)";
				DEVELOPMENT_TEAM = WQAUP4LZJV;
				INFOPLIST_FILE = "FlightLayout-DemoTests/Info.plist";
				LD_RUNPATH_SEARCH_PATHS = "$(inherited) @executable_path/Frameworks @loader_path/Frameworks";
				PRODUCT_BUNDLE_IDENTIFIER = "com.iagd.flightlayout.FlightLayout-DemoTests";
				PRODUCT_NAME = "$(TARGET_NAME)";
				SWIFT_VERSION = 3.0;
				TEST_HOST = "$(BUILT_PRODUCTS_DIR)/FlightLayout-Demo.app/FlightLayout-Demo";
			};
			name = Release;
		};
/* End XCBuildConfiguration section */

/* Begin XCConfigurationList section */
		3A2A63441EA733BF009949DF /* Build configuration list for PBXProject "FlightLayout-Demo" */ = {
			isa = XCConfigurationList;
			buildConfigurations = (
				3A2A63641EA733BF009949DF /* Debug */,
				3A2A63651EA733BF009949DF /* Release */,
			);
			defaultConfigurationIsVisible = 0;
			defaultConfigurationName = Release;
		};
		3A2A63661EA733BF009949DF /* Build configuration list for PBXNativeTarget "FlightLayout-Demo" */ = {
			isa = XCConfigurationList;
			buildConfigurations = (
				3A2A63671EA733BF009949DF /* Debug */,
				3A2A63681EA733BF009949DF /* Release */,
			);
			defaultConfigurationIsVisible = 0;
			defaultConfigurationName = Release;
		};
		3A2A63691EA733BF009949DF /* Build configuration list for PBXNativeTarget "FlightLayout-DemoTests" */ = {
			isa = XCConfigurationList;
			buildConfigurations = (
				3A2A636A1EA733BF009949DF /* Debug */,
				3A2A636B1EA733BF009949DF /* Release */,
			);
			defaultConfigurationIsVisible = 0;
			defaultConfigurationName = Release;
		};
/* End XCConfigurationList section */
	};
	rootObject = 3A2A63411EA733BF009949DF /* Project object */;
}
